
Microsoft Visual Studio Solution File, Format Version 12.00
# Visual Studio 15
VisualStudioVersion = 15.0.26403.0
MinimumVisualStudioVersion = 10.0.40219.1
Project("{9A19103F-16F7-4668-BE54-9A1E7A4F7556}") = "angular2prototype.web", "src\angular2prototype.web\angular2prototype.web.csproj", "{11547E66-8A19-4498-B14B-80C97D53A6CB}"
EndProject
Project("{9A19103F-16F7-4668-BE54-9A1E7A4F7556}") = "angular2prototype.models", "src\angular2prototype.models\angular2prototype.models.csproj", "{759DEDC6-ED16-4179-A933-5FF2A980889D}"
EndProject
Project("{9A19103F-16F7-4668-BE54-9A1E7A4F7556}") = "angular2prototype.services", "src\angular2prototype.services\angular2prototype.services.csproj", "{30E46AC4-32AB-4EDC-97DE-86C25A86C531}"
EndProject
Project("{2150E333-8FDC-42A3-9474-1A3956D46DE8}") = "tests", "tests", "{4A6E50FD-64C1-4D56-AC4D-0444C8BA4A15}"
EndProject
Project("{9A19103F-16F7-4668-BE54-9A1E7A4F7556}") = "angular2prototype.web.tests", "tests\unit\angular2prototype.web.tests\angular2prototype.web.tests.csproj", "{5CA06BBB-5214-4A10-BDB8-0B5900ACA66A}"
EndProject
Project("{FAE04EC0-301F-11D3-BF4B-00C04F79EFBC}") = "angular2prototype.services.tests", "tests\unit\angular2prototype.services.tests\angular2prototype.services.tests.csproj", "{78D3E940-260E-41D4-A325-AF1F3A4CC331}"
EndProject
Global
	GlobalSection(SolutionConfigurationPlatforms) = preSolution
		Debug|Any CPU = Debug|Any CPU
		Release|Any CPU = Release|Any CPU
	EndGlobalSection
	GlobalSection(ProjectConfigurationPlatforms) = postSolution
		{11547E66-8A19-4498-B14B-80C97D53A6CB}.Debug|Any CPU.ActiveCfg = Debug|Any CPU
		{11547E66-8A19-4498-B14B-80C97D53A6CB}.Debug|Any CPU.Build.0 = Debug|Any CPU
		{11547E66-8A19-4498-B14B-80C97D53A6CB}.Release|Any CPU.ActiveCfg = Release|Any CPU
		{11547E66-8A19-4498-B14B-80C97D53A6CB}.Release|Any CPU.Build.0 = Release|Any CPU
		{759DEDC6-ED16-4179-A933-5FF2A980889D}.Debug|Any CPU.ActiveCfg = Debug|Any CPU
		{759DEDC6-ED16-4179-A933-5FF2A980889D}.Debug|Any CPU.Build.0 = Debug|Any CPU
		{759DEDC6-ED16-4179-A933-5FF2A980889D}.Release|Any CPU.ActiveCfg = Release|Any CPU
		{759DEDC6-ED16-4179-A933-5FF2A980889D}.Release|Any CPU.Build.0 = Release|Any CPU
		{30E46AC4-32AB-4EDC-97DE-86C25A86C531}.Debug|Any CPU.ActiveCfg = Debug|Any CPU
		{30E46AC4-32AB-4EDC-97DE-86C25A86C531}.Debug|Any CPU.Build.0 = Debug|Any CPU
		{30E46AC4-32AB-4EDC-97DE-86C25A86C531}.Release|Any CPU.ActiveCfg = Release|Any CPU
		{30E46AC4-32AB-4EDC-97DE-86C25A86C531}.Release|Any CPU.Build.0 = Release|Any CPU
		{5CA06BBB-5214-4A10-BDB8-0B5900ACA66A}.Debug|Any CPU.ActiveCfg = Debug|Any CPU
		{5CA06BBB-5214-4A10-BDB8-0B5900ACA66A}.Debug|Any CPU.Build.0 = Debug|Any CPU
		{5CA06BBB-5214-4A10-BDB8-0B5900ACA66A}.Release|Any CPU.ActiveCfg = Release|Any CPU
		{5CA06BBB-5214-4A10-BDB8-0B5900ACA66A}.Release|Any CPU.Build.0 = Release|Any CPU
		{78D3E940-260E-41D4-A325-AF1F3A4CC331}.Debug|Any CPU.ActiveCfg = Debug|Any CPU
		{78D3E940-260E-41D4-A325-AF1F3A4CC331}.Debug|Any CPU.Build.0 = Debug|Any CPU
		{78D3E940-260E-41D4-A325-AF1F3A4CC331}.Release|Any CPU.ActiveCfg = Release|Any CPU
		{78D3E940-260E-41D4-A325-AF1F3A4CC331}.Release|Any CPU.Build.0 = Release|Any CPU
	EndGlobalSection
	GlobalSection(SolutionProperties) = preSolution
		HideSolutionNode = FALSE
	EndGlobalSection
	GlobalSection(NestedProjects) = preSolution
		{5CA06BBB-5214-4A10-BDB8-0B5900ACA66A} = {4A6E50FD-64C1-4D56-AC4D-0444C8BA4A15}
		{78D3E940-260E-41D4-A325-AF1F3A4CC331} = {4A6E50FD-64C1-4D56-AC4D-0444C8BA4A15}
	EndGlobalSection
EndGlobal
